// !$*UTF8*$!
{
	archiveVersion = 1;
	classes = {
	};
	objectVersion = 46;
	objects = {

/* Begin PBXBuildFile section */
		697EFCFF1D639EF600666419 /* AppDelegate.swift in Sources */ = {isa = PBXBuildFile; fileRef = 697EFCFE1D639EF600666419 /* AppDelegate.swift */; };
		697EFD011D639EF600666419 /* FirstViewController.swift in Sources */ = {isa = PBXBuildFile; fileRef = 697EFD001D639EF600666419 /* FirstViewController.swift */; };
		697EFD031D639EF600666419 /* SecondViewController.swift in Sources */ = {isa = PBXBuildFile; fileRef = 697EFD021D639EF600666419 /* SecondViewController.swift */; };
		697EFD061D639EF600666419 /* Main.storyboard in Resources */ = {isa = PBXBuildFile; fileRef = 697EFD041D639EF600666419 /* Main.storyboard */; };
		697EFD081D639EF600666419 /* Assets.xcassets in Resources */ = {isa = PBXBuildFile; fileRef = 697EFD071D639EF600666419 /* Assets.xcassets */; };
		697EFD0B1D639EF600666419 /* LaunchScreen.storyboard in Resources */ = {isa = PBXBuildFile; fileRef = 697EFD091D639EF600666419 /* LaunchScreen.storyboard */; };
		697EFD161D639EF600666419 /* ga_fuel_calculatorTests.swift in Sources */ = {isa = PBXBuildFile; fileRef = 697EFD151D639EF600666419 /* ga_fuel_calculatorTests.swift */; };
		697EFD211D639EF600666419 /* ga_fuel_calculatorUITests.swift in Sources */ = {isa = PBXBuildFile; fileRef = 697EFD201D639EF600666419 /* ga_fuel_calculatorUITests.swift */; };
/* End PBXBuildFile section */

/* Begin PBXContainerItemProxy section */
		697EFD121D639EF600666419 /* PBXContainerItemProxy */ = {
			isa = PBXContainerItemProxy;
			containerPortal = 697EFCF31D639EF600666419 /* Project object */;
			proxyType = 1;
			remoteGlobalIDString = 697EFCFA1D639EF600666419;
			remoteInfo = "ga fuel calculator";
		};
		697EFD1D1D639EF600666419 /* PBXContainerItemProxy */ = {
			isa = PBXContainerItemProxy;
			containerPortal = 697EFCF31D639EF600666419 /* Project object */;
			proxyType = 1;
			remoteGlobalIDString = 697EFCFA1D639EF600666419;
			remoteInfo = "ga fuel calculator";
		};
/* End PBXContainerItemProxy section */

/* Begin PBXFileReference section */
		697EFCFB1D639EF600666419 /* ga fuel calculator.app */ = {isa = PBXFileReference; explicitFileType = wrapper.application; includeInIndex = 0; path = "ga fuel calculator.app"; sourceTree = BUILT_PRODUCTS_DIR; };
		697EFCFE1D639EF600666419 /* AppDelegate.swift */ = {isa = PBXFileReference; lastKnownFileType = sourcecode.swift; path = AppDelegate.swift; sourceTree = "<group>"; };
		697EFD001D639EF600666419 /* FirstViewController.swift */ = {isa = PBXFileReference; lastKnownFileType = sourcecode.swift; path = FirstViewController.swift; sourceTree = "<group>"; };
		697EFD021D639EF600666419 /* SecondViewController.swift */ = {isa = PBXFileReference; lastKnownFileType = sourcecode.swift; path = SecondViewController.swift; sourceTree = "<group>"; };
		697EFD051D639EF600666419 /* Base */ = {isa = PBXFileReference; lastKnownFileType = file.storyboard; name = Base; path = Base.lproj/Main.storyboard; sourceTree = "<group>"; };
		697EFD071D639EF600666419 /* Assets.xcassets */ = {isa = PBXFileReference; lastKnownFileType = folder.assetcatalog; path = Assets.xcassets; sourceTree = "<group>"; };
		697EFD0A1D639EF600666419 /* Base */ = {isa = PBXFileReference; lastKnownFileType = file.storyboard; name = Base; path = Base.lproj/LaunchScreen.storyboard; sourceTree = "<group>"; };
		697EFD0C1D639EF600666419 /* Info.plist */ = {isa = PBXFileReference; lastKnownFileType = text.plist.xml; path = Info.plist; sourceTree = "<group>"; };
		697EFD111D639EF600666419 /* ga fuel calculatorTests.xctest */ = {isa = PBXFileReference; explicitFileType = wrapper.cfbundle; includeInIndex = 0; path = "ga fuel calculatorTests.xctest"; sourceTree = BUILT_PRODUCTS_DIR; };
		697EFD151D639EF600666419 /* ga_fuel_calculatorTests.swift */ = {isa = PBXFileReference; lastKnownFileType = sourcecode.swift; path = ga_fuel_calculatorTests.swift; sourceTree = "<group>"; };
		697EFD171D639EF600666419 /* Info.plist */ = {isa = PBXFileReference; lastKnownFileType = text.plist.xml; path = Info.plist; sourceTree = "<group>"; };
		697EFD1C1D639EF600666419 /* ga fuel calculatorUITests.xctest */ = {isa = PBXFileReference; explicitFileType = wrapper.cfbundle; includeInIndex = 0; path = "ga fuel calculatorUITests.xctest"; sourceTree = BUILT_PRODUCTS_DIR; };
		697EFD201D639EF600666419 /* ga_fuel_calculatorUITests.swift */ = {isa = PBXFileReference; lastKnownFileType = sourcecode.swift; path = ga_fuel_calculatorUITests.swift; sourceTree = "<group>"; };
		697EFD221D639EF600666419 /* Info.plist */ = {isa = PBXFileReference; lastKnownFileType = text.plist.xml; path = Info.plist; sourceTree = "<group>"; };
/* End PBXFileReference section */

/* Begin PBXFrameworksBuildPhase section */
		697EFCF81D639EF600666419 /* Frameworks */ = {
			isa = PBXFrameworksBuildPhase;
			buildActionMask = 2147483647;
			files = (
			);
			runOnlyForDeploymentPostprocessing = 0;
		};
		697EFD0E1D639EF600666419 /* Frameworks */ = {
			isa = PBXFrameworksBuildPhase;
			buildActionMask = 2147483647;
			files = (
			);
			runOnlyForDeploymentPostprocessing = 0;
		};
		697EFD191D639EF600666419 /* Frameworks */ = {
			isa = PBXFrameworksBuildPhase;
			buildActionMask = 2147483647;
			files = (
			);
			runOnlyForDeploymentPostprocessing = 0;
		};
/* End PBXFrameworksBuildPhase section */

/* Begin PBXGroup section */
		697EFCF21D639EF600666419 = {
			isa = PBXGroup;
			children = (
				697EFCFD1D639EF600666419 /* ga fuel calculator */,
				697EFD141D639EF600666419 /* ga fuel calculatorTests */,
				697EFD1F1D639EF600666419 /* ga fuel calculatorUITests */,
				697EFCFC1D639EF600666419 /* Products */,
			);
			sourceTree = "<group>";
		};
		697EFCFC1D639EF600666419 /* Products */ = {
			isa = PBXGroup;
			children = (
				697EFCFB1D639EF600666419 /* ga fuel calculator.app */,
				697EFD111D639EF600666419 /* ga fuel calculatorTests.xctest */,
				697EFD1C1D639EF600666419 /* ga fuel calculatorUITests.xctest */,
			);
			name = Products;
			sourceTree = "<group>";
		};
		697EFCFD1D639EF600666419 /* ga fuel calculator */ = {
			isa = PBXGroup;
			children = (
				697EFCFE1D639EF600666419 /* AppDelegate.swift */,
				697EFD001D639EF600666419 /* FirstViewController.swift */,
				697EFD021D639EF600666419 /* SecondViewController.swift */,
				697EFD041D639EF600666419 /* Main.storyboard */,
				697EFD071D639EF600666419 /* Assets.xcassets */,
				697EFD091D639EF600666419 /* LaunchScreen.storyboard */,
				697EFD0C1D639EF600666419 /* Info.plist */,
			);
			path = "ga fuel calculator";
			sourceTree = "<group>";
		};
		697EFD141D639EF600666419 /* ga fuel calculatorTests */ = {
			isa = PBXGroup;
			children = (
				697EFD151D639EF600666419 /* ga_fuel_calculatorTests.swift */,
				697EFD171D639EF600666419 /* Info.plist */,
			);
			path = "ga fuel calculatorTests";
			sourceTree = "<group>";
		};
		697EFD1F1D639EF600666419 /* ga fuel calculatorUITests */ = {
			isa = PBXGroup;
			children = (
				697EFD201D639EF600666419 /* ga_fuel_calculatorUITests.swift */,
				697EFD221D639EF600666419 /* Info.plist */,
			);
			path = "ga fuel calculatorUITests";
			sourceTree = "<group>";
		};
/* End PBXGroup section */

/* Begin PBXNativeTarget section */
		697EFCFA1D639EF600666419 /* ga fuel calculator */ = {
			isa = PBXNativeTarget;
			buildConfigurationList = 697EFD251D639EF600666419 /* Build configuration list for PBXNativeTarget "ga fuel calculator" */;
			buildPhases = (
				697EFCF71D639EF600666419 /* Sources */,
				697EFCF81D639EF600666419 /* Frameworks */,
				697EFCF91D639EF600666419 /* Resources */,
			);
			buildRules = (
			);
			dependencies = (
			);
			name = "ga fuel calculator";
			productName = "ga fuel calculator";
			productReference = 697EFCFB1D639EF600666419 /* ga fuel calculator.app */;
			productType = "com.apple.product-type.application";
		};
		697EFD101D639EF600666419 /* ga fuel calculatorTests */ = {
			isa = PBXNativeTarget;
			buildConfigurationList = 697EFD281D639EF600666419 /* Build configuration list for PBXNativeTarget "ga fuel calculatorTests" */;
			buildPhases = (
				697EFD0D1D639EF600666419 /* Sources */,
				697EFD0E1D639EF600666419 /* Frameworks */,
				697EFD0F1D639EF600666419 /* Resources */,
			);
			buildRules = (
			);
			dependencies = (
				697EFD131D639EF600666419 /* PBXTargetDependency */,
			);
			name = "ga fuel calculatorTests";
			productName = "ga fuel calculatorTests";
			productReference = 697EFD111D639EF600666419 /* ga fuel calculatorTests.xctest */;
			productType = "com.apple.product-type.bundle.unit-test";
		};
		697EFD1B1D639EF600666419 /* ga fuel calculatorUITests */ = {
			isa = PBXNativeTarget;
			buildConfigurationList = 697EFD2B1D639EF600666419 /* Build configuration list for PBXNativeTarget "ga fuel calculatorUITests" */;
			buildPhases = (
				697EFD181D639EF600666419 /* Sources */,
				697EFD191D639EF600666419 /* Frameworks */,
				697EFD1A1D639EF600666419 /* Resources */,
			);
			buildRules = (
			);
			dependencies = (
				697EFD1E1D639EF600666419 /* PBXTargetDependency */,
			);
			name = "ga fuel calculatorUITests";
			productName = "ga fuel calculatorUITests";
			productReference = 697EFD1C1D639EF600666419 /* ga fuel calculatorUITests.xctest */;
			productType = "com.apple.product-type.bundle.ui-testing";
		};
/* End PBXNativeTarget section */

/* Begin PBXProject section */
		697EFCF31D639EF600666419 /* Project object */ = {
			isa = PBXProject;
			attributes = {
				LastSwiftUpdateCheck = 0730;
				LastUpgradeCheck = 0730;
				TargetAttributes = {
					697EFCFA1D639EF600666419 = {
						CreatedOnToolsVersion = 7.3.1;
					};
					697EFD101D639EF600666419 = {
						CreatedOnToolsVersion = 7.3.1;
						TestTargetID = 697EFCFA1D639EF600666419;
					};
					697EFD1B1D639EF600666419 = {
						CreatedOnToolsVersion = 7.3.1;
						TestTargetID = 697EFCFA1D639EF600666419;
					};
				};
			};
			buildConfigurationList = 697EFCF61D639EF600666419 /* Build configuration list for PBXProject "ga fuel calculator" */;
			compatibilityVersion = "Xcode 3.2";
			developmentRegion = English;
			hasScannedForEncodings = 0;
			knownRegions = (
				en,
				Base,
			);
			mainGroup = 697EFCF21D639EF600666419;
			productRefGroup = 697EFCFC1D639EF600666419 /* Products */;
			projectDirPath = "";
			projectRoot = "";
			targets = (
				697EFCFA1D639EF600666419 /* ga fuel calculator */,
				697EFD101D639EF600666419 /* ga fuel calculatorTests */,
				697EFD1B1D639EF600666419 /* ga fuel calculatorUITests */,
			);
		};
/* End PBXProject section */

/* Begin PBXResourcesBuildPhase section */
		697EFCF91D639EF600666419 /* Resources */ = {
			isa = PBXResourcesBuildPhase;
			buildActionMask = 2147483647;
			files = (
				697EFD0B1D639EF600666419 /* LaunchScreen.storyboard in Resources */,
				697EFD081D639EF600666419 /* Assets.xcassets in Resources */,
				697EFD061D639EF600666419 /* Main.storyboard in Resources */,
			);
			runOnlyForDeploymentPostprocessing = 0;
		};
		697EFD0F1D639EF600666419 /* Resources */ = {
			isa = PBXResourcesBuildPhase;
			buildActionMask = 2147483647;
			files = (
			);
			runOnlyForDeploymentPostprocessing = 0;
		};
		697EFD1A1D639EF600666419 /* Resources */ = {
			isa = PBXResourcesBuildPhase;
			buildActionMask = 2147483647;
			files = (
			);
			runOnlyForDeploymentPostprocessing = 0;
		};
/* End PBXResourcesBuildPhase section */

/* Begin PBXSourcesBuildPhase section */
		697EFCF71D639EF600666419 /* Sources */ = {
			isa = PBXSourcesBuildPhase;
			buildActionMask = 2147483647;
			files = (
				697EFD031D639EF600666419 /* SecondViewController.swift in Sources */,
				697EFCFF1D639EF600666419 /* AppDelegate.swift in Sources */,
				697EFD011D639EF600666419 /* FirstViewController.swift in Sources */,
			);
			runOnlyForDeploymentPostprocessing = 0;
		};
		697EFD0D1D639EF600666419 /* Sources */ = {
			isa = PBXSourcesBuildPhase;
			buildActionMask = 2147483647;
			files = (
				697EFD161D639EF600666419 /* ga_fuel_calculatorTests.swift in Sources */,
			);
			runOnlyForDeploymentPostprocessing = 0;
		};
		697EFD181D639EF600666419 /* Sources */ = {
			isa = PBXSourcesBuildPhase;
			buildActionMask = 2147483647;
			files = (
				697EFD211D639EF600666419 /* ga_fuel_calculatorUITests.swift in Sources */,
			);
			runOnlyForDeploymentPostprocessing = 0;
		};
/* End PBXSourcesBuildPhase section */

/* Begin PBXTargetDependency section */
		697EFD131D639EF600666419 /* PBXTargetDependency */ = {
			isa = PBXTargetDependency;
			target = 697EFCFA1D639EF600666419 /* ga fuel calculator */;
			targetProxy = 697EFD121D639EF600666419 /* PBXContainerItemProxy */;
		};
		697EFD1E1D639EF600666419 /* PBXTargetDependency */ = {
			isa = PBXTargetDependency;
			target = 697EFCFA1D639EF600666419 /* ga fuel calculator */;
			targetProxy = 697EFD1D1D639EF600666419 /* PBXContainerItemProxy */;
		};
/* End PBXTargetDependency section */

/* Begin PBXVariantGroup section */
		697EFD041D639EF600666419 /* Main.storyboard */ = {
			isa = PBXVariantGroup;
			children = (
				697EFD051D639EF600666419 /* Base */,
			);
			name = Main.storyboard;
			sourceTree = "<group>";
		};
		697EFD091D639EF600666419 /* LaunchScreen.storyboard */ = {
			isa = PBXVariantGroup;
			children = (
				697EFD0A1D639EF600666419 /* Base */,
			);
			name = LaunchScreen.storyboard;
			sourceTree = "<group>";
		};
/* End PBXVariantGroup section */

/* Begin XCBuildConfiguration section */
		697EFD231D639EF600666419 /* Debug */ = {
			isa = XCBuildConfiguration;
			buildSettings = {
				ALWAYS_SEARCH_USER_PATHS = NO;
				CLANG_ANALYZER_NONNULL = YES;
				CLANG_CXX_LANGUAGE_STANDARD = "gnu++0x";
				CLANG_CXX_LIBRARY = "libc++";
				CLANG_ENABLE_MODULES = YES;
				CLANG_ENABLE_OBJC_ARC = YES;
				CLANG_WARN_BOOL_CONVERSION = YES;
				CLANG_WARN_CONSTANT_CONVERSION = YES;
				CLANG_WARN_DIRECT_OBJC_ISA_USAGE = YES_ERROR;
				CLANG_WARN_EMPTY_BODY = YES;
				CLANG_WARN_ENUM_CONVERSION = YES;
				CLANG_WARN_INT_CONVERSION = YES;
				CLANG_WARN_OBJC_ROOT_CLASS = YES_ERROR;
				CLANG_WARN_UNREACHABLE_CODE = YES;
				CLANG_WARN__DUPLICATE_METHOD_MATCH = YES;
				"CODE_SIGN_IDENTITY[sdk=iphoneos*]" = "iPhone Developer";
				COPY_PHASE_STRIP = NO;
				DEBUG_INFORMATION_FORMAT = dwarf;
				ENABLE_STRICT_OBJC_MSGSEND = YES;
				ENABLE_TESTABILITY = YES;
				GCC_C_LANGUAGE_STANDARD = gnu99;
				GCC_DYNAMIC_NO_PIC = NO;
				GCC_NO_COMMON_BLOCKS = YES;
				GCC_OPTIMIZATION_LEVEL = 0;
				GCC_PREPROCESSOR_DEFINITIONS = (
					"DEBUG=1",
					"$(inherited)",
				);
				GCC_WARN_64_TO_32_BIT_CONVERSION = YES;
				GCC_WARN_ABOUT_RETURN_TYPE = YES_ERROR;
				GCC_WARN_UNDECLARED_SELECTOR = YES;
				GCC_WARN_UNINITIALIZED_AUTOS = YES_AGGRESSIVE;
				GCC_WARN_UNUSED_FUNCTION = YES;
				GCC_WARN_UNUSED_VARIABLE = YES;
				IPHONEOS_DEPLOYMENT_TARGET = 9.3;
				MTL_ENABLE_DEBUG_INFO = YES;
				ONLY_ACTIVE_ARCH = YES;
				SDKROOT = iphoneos;
				SWIFT_OPTIMIZATION_LEVEL = "-Onone";
				TARGETED_DEVICE_FAMILY = "1,2";
			};
			name = Debug;
		};
		697EFD241D639EF600666419 /* Release */ = {
			isa = XCBuildConfiguration;
			buildSettings = {
				ALWAYS_SEARCH_USER_PATHS = NO;
				CLANG_ANALYZER_NONNULL = YES;
				CLANG_CXX_LANGUAGE_STANDARD = "gnu++0x";
				CLANG_CXX_LIBRARY = "libc++";
				CLANG_ENABLE_MODULES = YES;
				CLANG_ENABLE_OBJC_ARC = YES;
				CLANG_WARN_BOOL_CONVERSION = YES;
				CLANG_WARN_CONSTANT_CONVERSION = YES;
				CLANG_WARN_DIRECT_OBJC_ISA_USAGE = YES_ERROR;
				CLANG_WARN_EMPTY_BODY = YES;
				CLANG_WARN_ENUM_CONVERSION = YES;
				CLANG_WARN_INT_CONVERSION = YES;
				CLANG_WARN_OBJC_ROOT_CLASS = YES_ERROR;
				CLANG_WARN_UNREACHABLE_CODE = YES;
				CLANG_WARN__DUPLICATE_METHOD_MATCH = YES;
				"CODE_SIGN_IDENTITY[sdk=iphoneos*]" = "iPhone Developer";
				COPY_PHASE_STRIP = NO;
				DEBUG_INFORMATION_FORMAT = "dwarf-with-dsym";
				ENABLE_NS_ASSERTIONS = NO;
				ENABLE_STRICT_OBJC_MSGSEND = YES;
				GCC_C_LANGUAGE_STANDARD = gnu99;
				GCC_NO_COMMON_BLOCKS = YES;
				GCC_WARN_64_TO_32_BIT_CONVERSION = YES;
				GCC_WARN_ABOUT_RETURN_TYPE = YES_ERROR;
				GCC_WARN_UNDECLARED_SELECTOR = YES;
				GCC_WARN_UNINITIALIZED_AUTOS = YES_AGGRESSIVE;
				GCC_WARN_UNUSED_FUNCTION = YES;
				GCC_WARN_UNUSED_VARIABLE = YES;
				IPHONEOS_DEPLOYMENT_TARGET = 9.3;
				MTL_ENABLE_DEBUG_INFO = NO;
				SDKROOT = iphoneos;
				TARGETED_DEVICE_FAMILY = "1,2";
				VALIDATE_PRODUCT = YES;
			};
			name = Release;
		};
		697EFD261D639EF600666419 /* Debug */ = {
			isa = XCBuildConfiguration;
			buildSettings = {
				ASSETCATALOG_COMPILER_APPICON_NAME = AppIcon;
				INFOPLIST_FILE = "ga fuel calculator/Info.plist";
				LD_RUNPATH_SEARCH_PATHS = "$(inherited) @executable_path/Frameworks";
				PRODUCT_BUNDLE_IDENTIFIER = "jacobwall.ga-fuel-calculator";
				PRODUCT_NAME = "$(TARGET_NAME)";
			};
			name = Debug;
		};
		697EFD271D639EF600666419 /* Release */ = {
			isa = XCBuildConfiguration;
			buildSettings = {
				ASSETCATALOG_COMPILER_APPICON_NAME = AppIcon;
				INFOPLIST_FILE = "ga fuel calculator/Info.plist";
				LD_RUNPATH_SEARCH_PATHS = "$(inherited) @executable_path/Frameworks";
				PRODUCT_BUNDLE_IDENTIFIER = "jacobwall.ga-fuel-calculator";
				PRODUCT_NAME = "$(TARGET_NAME)";
			};
			name = Release;
		};
		697EFD291D639EF600666419 /* Debug */ = {
			isa = XCBuildConfiguration;
			buildSettings = {
				BUNDLE_LOADER = "$(TEST_HOST)";
				INFOPLIST_FILE = "ga fuel calculatorTests/Info.plist";
				LD_RUNPATH_SEARCH_PATHS = "$(inherited) @executable_path/Frameworks @loader_path/Frameworks";
				PRODUCT_BUNDLE_IDENTIFIER = "jacobwall.ga-fuel-calculatorTests";
				PRODUCT_NAME = "$(TARGET_NAME)";
				TEST_HOST = "$(BUILT_PRODUCTS_DIR)/ga fuel calculator.app/ga fuel calculator";
			};
			name = Debug;
		};
		697EFD2A1D639EF600666419 /* Release */ = {
			isa = XCBuildConfiguration;
			buildSettings = {
				BUNDLE_LOADER = "$(TEST_HOST)";
				INFOPLIST_FILE = "ga fuel calculatorTests/Info.plist";
				LD_RUNPATH_SEARCH_PATHS = "$(inherited) @executable_path/Frameworks @loader_path/Frameworks";
				PRODUCT_BUNDLE_IDENTIFIER = "jacobwall.ga-fuel-calculatorTests";
				PRODUCT_NAME = "$(TARGET_NAME)";
				TEST_HOST = "$(BUILT_PRODUCTS_DIR)/ga fuel calculator.app/ga fuel calculator";
			};
			name = Release;
		};
		697EFD2C1D639EF600666419 /* Debug */ = {
			isa = XCBuildConfiguration;
			buildSettings = {
				INFOPLIST_FILE = "ga fuel calculatorUITests/Info.plist";
				LD_RUNPATH_SEARCH_PATHS = "$(inherited) @executable_path/Frameworks @loader_path/Frameworks";
				PRODUCT_BUNDLE_IDENTIFIER = "jacobwall.ga-fuel-calculatorUITests";
				PRODUCT_NAME = "$(TARGET_NAME)";
				TEST_TARGET_NAME = "ga fuel calculator";
			};
			name = Debug;
		};
		697EFD2D1D639EF600666419 /* Release */ = {
			isa = XCBuildConfiguration;
			buildSettings = {
				INFOPLIST_FILE = "ga fuel calculatorUITests/Info.plist";
				LD_RUNPATH_SEARCH_PATHS = "$(inherited) @executable_path/Frameworks @loader_path/Frameworks";
				PRODUCT_BUNDLE_IDENTIFIER = "jacobwall.ga-fuel-calculatorUITests";
				PRODUCT_NAME = "$(TARGET_NAME)";
				TEST_TARGET_NAME = "ga fuel calculator";
			};
			name = Release;
		};
/* End XCBuildConfiguration section */

/* Begin XCConfigurationList section */
		697EFCF61D639EF600666419 /* Build configuration list for PBXProject "ga fuel calculator" */ = {
			isa = XCConfigurationList;
			buildConfigurations = (
				697EFD231D639EF600666419 /* Debug */,
				697EFD241D639EF600666419 /* Release */,
			);
			defaultConfigurationIsVisible = 0;
			defaultConfigurationName = Release;
		};
		697EFD251D639EF600666419 /* Build configuration list for PBXNativeTarget "ga fuel calculator" */ = {
			isa = XCConfigurationList;
			buildConfigurations = (
				697EFD261D639EF600666419 /* Debug */,
				697EFD271D639EF600666419 /* Release */,
			);
			defaultConfigurationIsVisible = 0;
		};
		697EFD281D639EF600666419 /* Build configuration list for PBXNativeTarget "ga fuel calculatorTests" */ = {
			isa = XCConfigurationList;
			buildConfigurations = (
				697EFD291D639EF600666419 /* Debug */,
				697EFD2A1D639EF600666419 /* Release */,
			);
			defaultConfigurationIsVisible = 0;
		};
		697EFD2B1D639EF600666419 /* Build configuration list for PBXNativeTarget "ga fuel calculatorUITests" */ = {
			isa = XCConfigurationList;
			buildConfigurations = (
				697EFD2C1D639EF600666419 /* Debug */,
				697EFD2D1D639EF600666419 /* Release */,
			);
			defaultConfigurationIsVisible = 0;
		};
/* End XCConfigurationList section */
	};
	rootObject = 697EFCF31D639EF600666419 /* Project object */;
}
